
Microsoft Visual Studio Solution File, Format Version 11.00
# Visual Studio 2010
Project("{8BC9CEB8-8B4A-11D0-8D11-00A0C91BC942}") = "GPA_Final", "GPA_Final\GPA_Final.vcxproj", "{BF17C0FE-2B95-46DA-A24C-E71E6E62AE7F}"
EndProject
Global
	GlobalSection(SolutionConfigurationPlatforms) = preSolution
		Debug|Win32 = Debug|Win32
		Release|Win32 = Release|Win32
	EndGlobalSection
	GlobalSection(ProjectConfigurationPlatforms) = postSolution
		{BF17C0FE-2B95-46DA-A24C-E71E6E62AE7F}.Debug|Win32.ActiveCfg = Debug|Win32
		{BF17C0FE-2B95-46DA-A24C-E71E6E62AE7F}.Debug|Win32.Build.0 = Debug|Win32
		{BF17C0FE-2B95-46DA-A24C-E71E6E62AE7F}.Release|Win32.ActiveCfg = Release|Win32
		{BF17C0FE-2B95-46DA-A24C-E71E6E62AE7F}.Release|Win32.Build.0 = Release|Win32
	EndGlobalSection
	GlobalSection(SolutionProperties) = preSolution
		HideSolutionNode = FALSE
	EndGlobalSection
EndGlobal
